
Microsoft Visual Studio Solution File, Format Version 12.00
# Visual Studio Version 16
VisualStudioVersion = 16.0.30907.101
MinimumVisualStudioVersion = 10.0.40219.1
Project("{FAE04EC0-301F-11D3-BF4B-00C04F79EFBC}") = "RandomPw", "RandomPw.csproj", "{FCF77CBF-37EE-493A-8199-3E96AD2F3D62}"
EndProject
Global
	GlobalSection(SolutionConfigurationPlatforms) = preSolution
		Debug|Any CPU = Debug|Any CPU
		Release|Any CPU = Release|Any CPU
	EndGlobalSection
	GlobalSection(ProjectConfigurationPlatforms) = postSolution
		{FCF77CBF-37EE-493A-8199-3E96AD2F3D62}.Debug|Any CPU.ActiveCfg = Debug|Any CPU
		{FCF77CBF-37EE-493A-8199-3E96AD2F3D62}.Debug|Any CPU.Build.0 = Debug|Any CPU
		{FCF77CBF-37EE-493A-8199-3E96AD2F3D62}.Release|Any CPU.ActiveCfg = Release|Any CPU
		{FCF77CBF-37EE-493A-8199-3E96AD2F3D62}.Release|Any CPU.Build.0 = Release|Any CPU
	EndGlobalSection
	GlobalSection(SolutionProperties) = preSolution
		HideSolutionNode = FALSE
	EndGlobalSection
	GlobalSection(ExtensibilityGlobals) = postSolution
		SolutionGuid = {8C74AE33-6666-484E-B530-08964D03840B}
	EndGlobalSection
EndGlobal
